// !$*UTF8*$!
{
	archiveVersion = 1;
	classes = {
	};
	objectVersion = 50;
	objects = {

/* Begin PBXBuildFile section */
		F6547B1C25C8A652000625A5 /* TestSerializeDefaults.cpp in Sources */ = {isa = PBXBuildFile; fileRef = F6547B1B25C8A652000625A5 /* TestSerializeDefaults.cpp */; };
		F691412F25CD3EE70067247D /* ExamplesWithTests.cpp in Sources */ = {isa = PBXBuildFile; fileRef = F691412E25CD3EE70067247D /* ExamplesWithTests.cpp */; };
		F692398D263C4EB600A84122 /* TestProperties.cpp in Sources */ = {isa = PBXBuildFile; fileRef = F692398C263C4EB600A84122 /* TestProperties.cpp */; };
		F69D1C502656BB02007FC058 /* TestConstruction.cpp in Sources */ = {isa = PBXBuildFile; fileRef = F69D1C4F2656BB02007FC058 /* TestConstruction.cpp */; };
		F69D1C552656C2C2007FC058 /* TestBigFile.cpp in Sources */ = {isa = PBXBuildFile; fileRef = F69D1C532656C2C2007FC058 /* TestBigFile.cpp */; };
		F6C1B82225C432CE001B30ED /* TestSerializeBaseTypes.cpp in Sources */ = {isa = PBXBuildFile; fileRef = F6C1B82125C432CE001B30ED /* TestSerializeBaseTypes.cpp */; };
		F6C1B82A25C436C8001B30ED /* libgtest.a in Frameworks */ = {isa = PBXBuildFile; fileRef = F6C1B82925C436C8001B30ED /* libgtest.a */; };
		F6C1B82D25C43829001B30ED /* pugi_serializer.cpp in Sources */ = {isa = PBXBuildFile; fileRef = F6C1B82C25C43829001B30ED /* pugi_serializer.cpp */; };
		F6C1B83025C43840001B30ED /* pugixml.cpp in Sources */ = {isa = PBXBuildFile; fileRef = F6C1B82E25C43840001B30ED /* pugixml.cpp */; };
		F6C1B83225C43D0C001B30ED /* libgtest_main.a in Frameworks */ = {isa = PBXBuildFile; fileRef = F6C1B83125C43D0C001B30ED /* libgtest_main.a */; };
/* End PBXBuildFile section */

/* Begin PBXCopyFilesBuildPhase section */
		F6C1B81C25C432CE001B30ED /* CopyFiles */ = {
			isa = PBXCopyFilesBuildPhase;
			buildActionMask = 2147483647;
			dstPath = /usr/share/man/man1/;
			dstSubfolderSpec = 0;
			files = (
			);
			runOnlyForDeploymentPostprocessing = 1;
		};
/* End PBXCopyFilesBuildPhase section */

/* Begin PBXFileReference section */
		F6547B1B25C8A652000625A5 /* TestSerializeDefaults.cpp */ = {isa = PBXFileReference; lastKnownFileType = sourcecode.cpp.cpp; path = TestSerializeDefaults.cpp; sourceTree = "<group>"; };
		F691412E25CD3EE70067247D /* ExamplesWithTests.cpp */ = {isa = PBXFileReference; lastKnownFileType = sourcecode.cpp.cpp; path = ExamplesWithTests.cpp; sourceTree = "<group>"; };
		F692398C263C4EB600A84122 /* TestProperties.cpp */ = {isa = PBXFileReference; lastKnownFileType = sourcecode.cpp.cpp; path = TestProperties.cpp; sourceTree = "<group>"; };
		F69D1C4F2656BB02007FC058 /* TestConstruction.cpp */ = {isa = PBXFileReference; lastKnownFileType = sourcecode.cpp.cpp; path = TestConstruction.cpp; sourceTree = "<group>"; };
		F69D1C532656C2C2007FC058 /* TestBigFile.cpp */ = {isa = PBXFileReference; lastKnownFileType = sourcecode.cpp.cpp; path = TestBigFile.cpp; sourceTree = "<group>"; };
		F69D1C572656C3A7007FC058 /* mondial-3.0.xml */ = {isa = PBXFileReference; lastKnownFileType = text.xml; path = "mondial-3.0.xml"; sourceTree = "<group>"; };
		F6C1B81E25C432CE001B30ED /* pugi_serializer_tests */ = {isa = PBXFileReference; explicitFileType = "compiled.mach-o.executable"; includeInIndex = 0; path = pugi_serializer_tests; sourceTree = BUILT_PRODUCTS_DIR; };
		F6C1B82125C432CE001B30ED /* TestSerializeBaseTypes.cpp */ = {isa = PBXFileReference; lastKnownFileType = sourcecode.cpp.cpp; path = TestSerializeBaseTypes.cpp; sourceTree = SOURCE_ROOT; };
		F6C1B82825C43406001B30ED /* googletest */ = {isa = PBXFileReference; lastKnownFileType = folder; name = googletest; path = ../../../../../../../../Users/shai/Desktop/googletest; sourceTree = "<group>"; };
		F6C1B82925C436C8001B30ED /* libgtest.a */ = {isa = PBXFileReference; lastKnownFileType = archive.ar; name = libgtest.a; path = ../../../../../../../../Users/shai/Desktop/googletest/build/lib/libgtest.a; sourceTree = "<group>"; };
		F6C1B82B25C43829001B30ED /* pugi_serializer.hpp */ = {isa = PBXFileReference; fileEncoding = 4; lastKnownFileType = sourcecode.cpp.h; name = pugi_serializer.hpp; path = ../src/pugi_serializer.hpp; sourceTree = SOURCE_ROOT; };
		F6C1B82C25C43829001B30ED /* pugi_serializer.cpp */ = {isa = PBXFileReference; fileEncoding = 4; lastKnownFileType = sourcecode.cpp.cpp; name = pugi_serializer.cpp; path = ../src/pugi_serializer.cpp; sourceTree = SOURCE_ROOT; };
		F6C1B82E25C43840001B30ED /* pugixml.cpp */ = {isa = PBXFileReference; fileEncoding = 4; lastKnownFileType = sourcecode.cpp.cpp; name = pugixml.cpp; path = ../../pugixml/src/pugixml.cpp; sourceTree = SOURCE_ROOT; };
		F6C1B82F25C43840001B30ED /* pugixml.hpp */ = {isa = PBXFileReference; fileEncoding = 4; lastKnownFileType = sourcecode.cpp.h; name = pugixml.hpp; path = ../../pugixml/src/pugixml.hpp; sourceTree = SOURCE_ROOT; };
		F6C1B83125C43D0C001B30ED /* libgtest_main.a */ = {isa = PBXFileReference; lastKnownFileType = archive.ar; name = libgtest_main.a; path = ../../../../../../../../Users/shai/Desktop/googletest/build/lib/libgtest_main.a; sourceTree = "<group>"; };
/* End PBXFileReference section */

/* Begin PBXFrameworksBuildPhase section */
		F6C1B81B25C432CE001B30ED /* Frameworks */ = {
			isa = PBXFrameworksBuildPhase;
			buildActionMask = 2147483647;
			files = (
				F6C1B83225C43D0C001B30ED /* libgtest_main.a in Frameworks */,
				F6C1B82A25C436C8001B30ED /* libgtest.a in Frameworks */,
			);
			runOnlyForDeploymentPostprocessing = 0;
		};
/* End PBXFrameworksBuildPhase section */

/* Begin PBXGroup section */
		F6C1B81525C432CE001B30ED = {
			isa = PBXGroup;
			children = (
				F69D1C572656C3A7007FC058 /* mondial-3.0.xml */,
				F69D1C532656C2C2007FC058 /* TestBigFile.cpp */,
				F69D1C4F2656BB02007FC058 /* TestConstruction.cpp */,
				F692398C263C4EB600A84122 /* TestProperties.cpp */,
				F691412E25CD3EE70067247D /* ExamplesWithTests.cpp */,
				F6547B1B25C8A652000625A5 /* TestSerializeDefaults.cpp */,
				F6C1B82125C432CE001B30ED /* TestSerializeBaseTypes.cpp */,
				F6C1B82E25C43840001B30ED /* pugixml.cpp */,
				F6C1B82F25C43840001B30ED /* pugixml.hpp */,
				F6C1B82C25C43829001B30ED /* pugi_serializer.cpp */,
				F6C1B82B25C43829001B30ED /* pugi_serializer.hpp */,
				F6C1B82925C436C8001B30ED /* libgtest.a */,
				F6C1B83125C43D0C001B30ED /* libgtest_main.a */,
				F6C1B82825C43406001B30ED /* googletest */,
				F6C1B81F25C432CE001B30ED /* Products */,
			);
			sourceTree = "<group>";
		};
		F6C1B81F25C432CE001B30ED /* Products */ = {
			isa = PBXGroup;
			children = (
				F6C1B81E25C432CE001B30ED /* pugi_serializer_tests */,
			);
			name = Products;
			sourceTree = "<group>";
		};
/* End PBXGroup section */

/* Begin PBXNativeTarget section */
		F6C1B81D25C432CE001B30ED /* pugi_serializer_tests */ = {
			isa = PBXNativeTarget;
			buildConfigurationList = F6C1B82525C432CE001B30ED /* Build configuration list for PBXNativeTarget "pugi_serializer_tests" */;
			buildPhases = (
				F6C1B81A25C432CE001B30ED /* Sources */,
				F6C1B81B25C432CE001B30ED /* Frameworks */,
				F6C1B81C25C432CE001B30ED /* CopyFiles */,
			);
			buildRules = (
			);
			dependencies = (
			);
			name = pugi_serializer_tests;
			productName = pugi_serializer_tests;
			productReference = F6C1B81E25C432CE001B30ED /* pugi_serializer_tests */;
			productType = "com.apple.product-type.tool";
		};
/* End PBXNativeTarget section */

/* Begin PBXProject section */
		F6C1B81625C432CE001B30ED /* Project object */ = {
			isa = PBXProject;
			attributes = {
				LastUpgradeCheck = 1030;
				ORGANIZATIONNAME = "Shai Shasag";
				TargetAttributes = {
					F6C1B81D25C432CE001B30ED = {
						CreatedOnToolsVersion = 10.3;
					};
				};
			};
			buildConfigurationList = F6C1B81925C432CE001B30ED /* Build configuration list for PBXProject "pugi_serializer_tests" */;
			compatibilityVersion = "Xcode 9.3";
			developmentRegion = en;
			hasScannedForEncodings = 0;
			knownRegions = (
				en,
			);
			mainGroup = F6C1B81525C432CE001B30ED;
			productRefGroup = F6C1B81F25C432CE001B30ED /* Products */;
			projectDirPath = "";
			projectRoot = "";
			targets = (
				F6C1B81D25C432CE001B30ED /* pugi_serializer_tests */,
			);
		};
/* End PBXProject section */

/* Begin PBXSourcesBuildPhase section */
		F6C1B81A25C432CE001B30ED /* Sources */ = {
			isa = PBXSourcesBuildPhase;
			buildActionMask = 2147483647;
			files = (
				F69D1C502656BB02007FC058 /* TestConstruction.cpp in Sources */,
				F6C1B83025C43840001B30ED /* pugixml.cpp in Sources */,
				F69D1C552656C2C2007FC058 /* TestBigFile.cpp in Sources */,
				F6C1B82D25C43829001B30ED /* pugi_serializer.cpp in Sources */,
				F692398D263C4EB600A84122 /* TestProperties.cpp in Sources */,
				F691412F25CD3EE70067247D /* ExamplesWithTests.cpp in Sources */,
				F6547B1C25C8A652000625A5 /* TestSerializeDefaults.cpp in Sources */,
				F6C1B82225C432CE001B30ED /* TestSerializeBaseTypes.cpp in Sources */,
			);
			runOnlyForDeploymentPostprocessing = 0;
		};
/* End PBXSourcesBuildPhase section */

/* Begin XCBuildConfiguration section */
		F6C1B82325C432CE001B30ED /* Debug */ = {
			isa = XCBuildConfiguration;
			buildSettings = {
				ALWAYS_SEARCH_USER_PATHS = NO;
				CLANG_ANALYZER_NONNULL = YES;
				CLANG_ANALYZER_NUMBER_OBJECT_CONVERSION = YES_AGGRESSIVE;
				CLANG_CXX_LANGUAGE_STANDARD = "c++17";
				CLANG_CXX_LIBRARY = "libc++";
				CLANG_ENABLE_MODULES = YES;
				CLANG_ENABLE_OBJC_ARC = YES;
				CLANG_ENABLE_OBJC_WEAK = YES;
				CLANG_WARN_BLOCK_CAPTURE_AUTORELEASING = YES;
				CLANG_WARN_BOOL_CONVERSION = YES;
				CLANG_WARN_COMMA = YES;
				CLANG_WARN_CONSTANT_CONVERSION = YES;
				CLANG_WARN_DEPRECATED_OBJC_IMPLEMENTATIONS = YES;
				CLANG_WARN_DIRECT_OBJC_ISA_USAGE = YES_ERROR;
				CLANG_WARN_DOCUMENTATION_COMMENTS = YES;
				CLANG_WARN_EMPTY_BODY = YES;
				CLANG_WARN_ENUM_CONVERSION = YES;
				CLANG_WARN_INFINITE_RECURSION = YES;
				CLANG_WARN_INT_CONVERSION = YES;
				CLANG_WARN_NON_LITERAL_NULL_CONVERSION = YES;
				CLANG_WARN_OBJC_IMPLICIT_RETAIN_SELF = YES;
				CLANG_WARN_OBJC_LITERAL_CONVERSION = YES;
				CLANG_WARN_OBJC_ROOT_CLASS = YES_ERROR;
				CLANG_WARN_RANGE_LOOP_ANALYSIS = YES;
				CLANG_WARN_STRICT_PROTOTYPES = YES;
				CLANG_WARN_SUSPICIOUS_MOVE = YES;
				CLANG_WARN_UNGUARDED_AVAILABILITY = YES_AGGRESSIVE;
				CLANG_WARN_UNREACHABLE_CODE = YES;
				CLANG_WARN__DUPLICATE_METHOD_MATCH = YES;
				CODE_SIGN_IDENTITY = "-";
				COPY_PHASE_STRIP = NO;
				DEBUG_INFORMATION_FORMAT = dwarf;
				ENABLE_STRICT_OBJC_MSGSEND = YES;
				ENABLE_TESTABILITY = YES;
				GCC_C_LANGUAGE_STANDARD = gnu11;
				GCC_DYNAMIC_NO_PIC = NO;
				GCC_NO_COMMON_BLOCKS = YES;
				GCC_OPTIMIZATION_LEVEL = 0;
				GCC_PREPROCESSOR_DEFINITIONS = (
					"DEBUG=1",
					"$(inherited)",
				);
				GCC_WARN_64_TO_32_BIT_CONVERSION = YES;
				GCC_WARN_ABOUT_RETURN_TYPE = YES_ERROR;
				GCC_WARN_UNDECLARED_SELECTOR = YES;
				GCC_WARN_UNINITIALIZED_AUTOS = YES_AGGRESSIVE;
				GCC_WARN_UNUSED_FUNCTION = YES;
				GCC_WARN_UNUSED_VARIABLE = YES;
				HEADER_SEARCH_PATHS = /Volumes/p4client/ProAudio/SDKs/googletest/1.10.0/Code/googletest/include;
				LIBRARY_SEARCH_PATHS = "/Volumes/p4client/ProAudio/SDKs/googletest/1.10.0/Products/1.0/Mac/$(CONFIGURATION)";
				MACOSX_DEPLOYMENT_TARGET = 10.15;
				MTL_ENABLE_DEBUG_INFO = INCLUDE_SOURCE;
				MTL_FAST_MATH = YES;
				ONLY_ACTIVE_ARCH = YES;
				SDKROOT = macosx;
			};
			name = Debug;
		};
		F6C1B82425C432CE001B30ED /* Release */ = {
			isa = XCBuildConfiguration;
			buildSettings = {
				ALWAYS_SEARCH_USER_PATHS = NO;
				CLANG_ANALYZER_NONNULL = YES;
				CLANG_ANALYZER_NUMBER_OBJECT_CONVERSION = YES_AGGRESSIVE;
				CLANG_CXX_LANGUAGE_STANDARD = "c++17";
				CLANG_CXX_LIBRARY = "libc++";
				CLANG_ENABLE_MODULES = YES;
				CLANG_ENABLE_OBJC_ARC = YES;
				CLANG_ENABLE_OBJC_WEAK = YES;
				CLANG_WARN_BLOCK_CAPTURE_AUTORELEASING = YES;
				CLANG_WARN_BOOL_CONVERSION = YES;
				CLANG_WARN_COMMA = YES;
				CLANG_WARN_CONSTANT_CONVERSION = YES;
				CLANG_WARN_DEPRECATED_OBJC_IMPLEMENTATIONS = YES;
				CLANG_WARN_DIRECT_OBJC_ISA_USAGE = YES_ERROR;
				CLANG_WARN_DOCUMENTATION_COMMENTS = YES;
				CLANG_WARN_EMPTY_BODY = YES;
				CLANG_WARN_ENUM_CONVERSION = YES;
				CLANG_WARN_INFINITE_RECURSION = YES;
				CLANG_WARN_INT_CONVERSION = YES;
				CLANG_WARN_NON_LITERAL_NULL_CONVERSION = YES;
				CLANG_WARN_OBJC_IMPLICIT_RETAIN_SELF = YES;
				CLANG_WARN_OBJC_LITERAL_CONVERSION = YES;
				CLANG_WARN_OBJC_ROOT_CLASS = YES_ERROR;
				CLANG_WARN_RANGE_LOOP_ANALYSIS = YES;
				CLANG_WARN_STRICT_PROTOTYPES = YES;
				CLANG_WARN_SUSPICIOUS_MOVE = YES;
				CLANG_WARN_UNGUARDED_AVAILABILITY = YES_AGGRESSIVE;
				CLANG_WARN_UNREACHABLE_CODE = YES;
				CLANG_WARN__DUPLICATE_METHOD_MATCH = YES;
				CODE_SIGN_IDENTITY = "-";
				COPY_PHASE_STRIP = NO;
				DEBUG_INFORMATION_FORMAT = "dwarf-with-dsym";
				ENABLE_NS_ASSERTIONS = NO;
				ENABLE_STRICT_OBJC_MSGSEND = YES;
				GCC_C_LANGUAGE_STANDARD = gnu11;
				GCC_NO_COMMON_BLOCKS = YES;
				GCC_WARN_64_TO_32_BIT_CONVERSION = YES;
				GCC_WARN_ABOUT_RETURN_TYPE = YES_ERROR;
				GCC_WARN_UNDECLARED_SELECTOR = YES;
				GCC_WARN_UNINITIALIZED_AUTOS = YES_AGGRESSIVE;
				GCC_WARN_UNUSED_FUNCTION = YES;
				GCC_WARN_UNUSED_VARIABLE = YES;
				HEADER_SEARCH_PATHS = /Volumes/p4client/ProAudio/SDKs/googletest/1.10.0/Code/googletest/include;
				LIBRARY_SEARCH_PATHS = "/Volumes/p4client/ProAudio/SDKs/googletest/1.10.0/Products/1.0/Mac/$(CONFIGURATION)";
				MACOSX_DEPLOYMENT_TARGET = 10.15;
				MTL_ENABLE_DEBUG_INFO = NO;
				MTL_FAST_MATH = YES;
				ONLY_ACTIVE_ARCH = YES;
				SDKROOT = macosx;
			};
			name = Release;
		};
		F6C1B82625C432CE001B30ED /* Debug */ = {
			isa = XCBuildConfiguration;
			buildSettings = {
				CLANG_CXX_LANGUAGE_STANDARD = "c++20";
				CODE_SIGN_STYLE = Automatic;
				PRODUCT_NAME = "$(TARGET_NAME)";
			};
			name = Debug;
		};
		F6C1B82725C432CE001B30ED /* Release */ = {
			isa = XCBuildConfiguration;
			buildSettings = {
				CLANG_CXX_LANGUAGE_STANDARD = "c++20";
				CODE_SIGN_STYLE = Automatic;
				PRODUCT_NAME = "$(TARGET_NAME)";
			};
			name = Release;
		};
/* End XCBuildConfiguration section */

/* Begin XCConfigurationList section */
		F6C1B81925C432CE001B30ED /* Build configuration list for PBXProject "pugi_serializer_tests" */ = {
			isa = XCConfigurationList;
			buildConfigurations = (
				F6C1B82325C432CE001B30ED /* Debug */,
				F6C1B82425C432CE001B30ED /* Release */,
			);
			defaultConfigurationIsVisible = 0;
			defaultConfigurationName = Release;
		};
		F6C1B82525C432CE001B30ED /* Build configuration list for PBXNativeTarget "pugi_serializer_tests" */ = {
			isa = XCConfigurationList;
			buildConfigurations = (
				F6C1B82625C432CE001B30ED /* Debug */,
				F6C1B82725C432CE001B30ED /* Release */,
			);
			defaultConfigurationIsVisible = 0;
			defaultConfigurationName = Release;
		};
/* End XCConfigurationList section */
	};
	rootObject = F6C1B81625C432CE001B30ED /* Project object */;
}
